// !$*UTF8*$!
{
	archiveVersion = 1;
	classes = {
	};
	objectVersion = 46;
	objects = {

/* Begin PBXBuildFile section */
		362D4D401DE480AF005043AD /* main.m in Sources */ = {isa = PBXBuildFile; fileRef = 362D4D3F1DE480AF005043AD /* main.m */; };
		362D4D431DE480AF005043AD /* AppDelegate.m in Sources */ = {isa = PBXBuildFile; fileRef = 362D4D421DE480AF005043AD /* AppDelegate.m */; };
		362D4D461DE480AF005043AD /* ViewController.m in Sources */ = {isa = PBXBuildFile; fileRef = 362D4D451DE480AF005043AD /* ViewController.m */; };
		362D4D491DE480AF005043AD /* Main.storyboard in Resources */ = {isa = PBXBuildFile; fileRef = 362D4D471DE480AF005043AD /* Main.storyboard */; };
		362D4D4B1DE480AF005043AD /* Assets.xcassets in Resources */ = {isa = PBXBuildFile; fileRef = 362D4D4A1DE480AF005043AD /* Assets.xcassets */; };
		362D4D4E1DE480AF005043AD /* LaunchScreen.storyboard in Resources */ = {isa = PBXBuildFile; fileRef = 362D4D4C1DE480AF005043AD /* LaunchScreen.storyboard */; };
		362D4D591DE480AF005043AD /* MLDataSyncPoolTests.m in Sources */ = {isa = PBXBuildFile; fileRef = 362D4D581DE480AF005043AD /* MLDataSyncPoolTests.m */; };
		362D4D641DE480AF005043AD /* MLDataSyncPoolUITests.m in Sources */ = {isa = PBXBuildFile; fileRef = 362D4D631DE480AF005043AD /* MLDataSyncPoolUITests.m */; };
		362D4D771DE494B5005043AD /* ExampleUserDefaults.m in Sources */ = {isa = PBXBuildFile; fileRef = 362D4D761DE494B5005043AD /* ExampleUserDefaults.m */; };
		362D4D7C1DE494D6005043AD /* User.m in Sources */ = {isa = PBXBuildFile; fileRef = 362D4D7B1DE494D6005043AD /* User.m */; };
		362D4D7F1DE49508005043AD /* BaseAPIHelpers.m in Sources */ = {isa = PBXBuildFile; fileRef = 362D4D7E1DE49508005043AD /* BaseAPIHelpers.m */; };
		362D4D821DE4954C005043AD /* ExampleAPIHelper.m in Sources */ = {isa = PBXBuildFile; fileRef = 362D4D811DE4954C005043AD /* ExampleAPIHelper.m */; };
		362D4D861DE496A4005043AD /* UserTableViewCell.m in Sources */ = {isa = PBXBuildFile; fileRef = 362D4D851DE496A4005043AD /* UserTableViewCell.m */; };
		A6DCD5ED35DAD66A7BA24789 /* libPods-MLDataSyncPool.a in Frameworks */ = {isa = PBXBuildFile; fileRef = 3B917065707BF168153F1738 /* libPods-MLDataSyncPool.a */; };
/* End PBXBuildFile section */

/* Begin PBXContainerItemProxy section */
		362D4D551DE480AF005043AD /* PBXContainerItemProxy */ = {
			isa = PBXContainerItemProxy;
			containerPortal = 362D4D331DE480AF005043AD /* Project object */;
			proxyType = 1;
			remoteGlobalIDString = 362D4D3A1DE480AF005043AD;
			remoteInfo = MLDataSyncPool;
		};
		362D4D601DE480AF005043AD /* PBXContainerItemProxy */ = {
			isa = PBXContainerItemProxy;
			containerPortal = 362D4D331DE480AF005043AD /* Project object */;
			proxyType = 1;
			remoteGlobalIDString = 362D4D3A1DE480AF005043AD;
			remoteInfo = MLDataSyncPool;
		};
/* End PBXContainerItemProxy section */

/* Begin PBXFileReference section */
		362D4D3B1DE480AF005043AD /* MLDataSyncPool.app */ = {isa = PBXFileReference; explicitFileType = wrapper.application; includeInIndex = 0; path = MLDataSyncPool.app; sourceTree = BUILT_PRODUCTS_DIR; };
		362D4D3F1DE480AF005043AD /* main.m */ = {isa = PBXFileReference; lastKnownFileType = sourcecode.c.objc; path = main.m; sourceTree = "<group>"; };
		362D4D411DE480AF005043AD /* AppDelegate.h */ = {isa = PBXFileReference; lastKnownFileType = sourcecode.c.h; path = AppDelegate.h; sourceTree = "<group>"; };
		362D4D421DE480AF005043AD /* AppDelegate.m */ = {isa = PBXFileReference; lastKnownFileType = sourcecode.c.objc; path = AppDelegate.m; sourceTree = "<group>"; };
		362D4D441DE480AF005043AD /* ViewController.h */ = {isa = PBXFileReference; lastKnownFileType = sourcecode.c.h; path = ViewController.h; sourceTree = "<group>"; };
		362D4D451DE480AF005043AD /* ViewController.m */ = {isa = PBXFileReference; lastKnownFileType = sourcecode.c.objc; path = ViewController.m; sourceTree = "<group>"; };
		362D4D481DE480AF005043AD /* Base */ = {isa = PBXFileReference; lastKnownFileType = file.storyboard; name = Base; path = Base.lproj/Main.storyboard; sourceTree = "<group>"; };
		362D4D4A1DE480AF005043AD /* Assets.xcassets */ = {isa = PBXFileReference; lastKnownFileType = folder.assetcatalog; path = Assets.xcassets; sourceTree = "<group>"; };
		362D4D4D1DE480AF005043AD /* Base */ = {isa = PBXFileReference; lastKnownFileType = file.storyboard; name = Base; path = Base.lproj/LaunchScreen.storyboard; sourceTree = "<group>"; };
		362D4D4F1DE480AF005043AD /* Info.plist */ = {isa = PBXFileReference; lastKnownFileType = text.plist.xml; path = Info.plist; sourceTree = "<group>"; };
		362D4D541DE480AF005043AD /* MLDataSyncPoolTests.xctest */ = {isa = PBXFileReference; explicitFileType = wrapper.cfbundle; includeInIndex = 0; path = MLDataSyncPoolTests.xctest; sourceTree = BUILT_PRODUCTS_DIR; };
		362D4D581DE480AF005043AD /* MLDataSyncPoolTests.m */ = {isa = PBXFileReference; lastKnownFileType = sourcecode.c.objc; path = MLDataSyncPoolTests.m; sourceTree = "<group>"; };
		362D4D5A1DE480AF005043AD /* Info.plist */ = {isa = PBXFileReference; lastKnownFileType = text.plist.xml; path = Info.plist; sourceTree = "<group>"; };
		362D4D5F1DE480AF005043AD /* MLDataSyncPoolUITests.xctest */ = {isa = PBXFileReference; explicitFileType = wrapper.cfbundle; includeInIndex = 0; path = MLDataSyncPoolUITests.xctest; sourceTree = BUILT_PRODUCTS_DIR; };
		362D4D631DE480AF005043AD /* MLDataSyncPoolUITests.m */ = {isa = PBXFileReference; lastKnownFileType = sourcecode.c.objc; path = MLDataSyncPoolUITests.m; sourceTree = "<group>"; };
		362D4D651DE480AF005043AD /* Info.plist */ = {isa = PBXFileReference; lastKnownFileType = text.plist.xml; path = Info.plist; sourceTree = "<group>"; };
		362D4D751DE494B5005043AD /* ExampleUserDefaults.h */ = {isa = PBXFileReference; fileEncoding = 4; lastKnownFileType = sourcecode.c.h; path = ExampleUserDefaults.h; sourceTree = "<group>"; };
		362D4D761DE494B5005043AD /* ExampleUserDefaults.m */ = {isa = PBXFileReference; fileEncoding = 4; lastKnownFileType = sourcecode.c.objc; path = ExampleUserDefaults.m; sourceTree = "<group>"; };
		362D4D7A1DE494D6005043AD /* User.h */ = {isa = PBXFileReference; fileEncoding = 4; lastKnownFileType = sourcecode.c.h; path = User.h; sourceTree = "<group>"; };
		362D4D7B1DE494D6005043AD /* User.m */ = {isa = PBXFileReference; fileEncoding = 4; lastKnownFileType = sourcecode.c.objc; path = User.m; sourceTree = "<group>"; };
		362D4D7D1DE49508005043AD /* BaseAPIHelpers.h */ = {isa = PBXFileReference; fileEncoding = 4; lastKnownFileType = sourcecode.c.h; path = BaseAPIHelpers.h; sourceTree = "<group>"; };
		362D4D7E1DE49508005043AD /* BaseAPIHelpers.m */ = {isa = PBXFileReference; fileEncoding = 4; lastKnownFileType = sourcecode.c.objc; path = BaseAPIHelpers.m; sourceTree = "<group>"; };
		362D4D801DE4954C005043AD /* ExampleAPIHelper.h */ = {isa = PBXFileReference; fileEncoding = 4; lastKnownFileType = sourcecode.c.h; path = ExampleAPIHelper.h; sourceTree = "<group>"; };
		362D4D811DE4954C005043AD /* ExampleAPIHelper.m */ = {isa = PBXFileReference; fileEncoding = 4; lastKnownFileType = sourcecode.c.objc; path = ExampleAPIHelper.m; sourceTree = "<group>"; };
		362D4D841DE496A4005043AD /* UserTableViewCell.h */ = {isa = PBXFileReference; fileEncoding = 4; lastKnownFileType = sourcecode.c.h; path = UserTableViewCell.h; sourceTree = "<group>"; };
		362D4D851DE496A4005043AD /* UserTableViewCell.m */ = {isa = PBXFileReference; fileEncoding = 4; lastKnownFileType = sourcecode.c.objc; path = UserTableViewCell.m; sourceTree = "<group>"; };
		3B917065707BF168153F1738 /* libPods-MLDataSyncPool.a */ = {isa = PBXFileReference; explicitFileType = archive.ar; includeInIndex = 0; path = "libPods-MLDataSyncPool.a"; sourceTree = BUILT_PRODUCTS_DIR; };
		BF30EED4DD85A39F808ADA8F /* Pods-MLDataSyncPool.release.xcconfig */ = {isa = PBXFileReference; includeInIndex = 1; lastKnownFileType = text.xcconfig; name = "Pods-MLDataSyncPool.release.xcconfig"; path = "Pods/Target Support Files/Pods-MLDataSyncPool/Pods-MLDataSyncPool.release.xcconfig"; sourceTree = "<group>"; };
		EBFADC45DC9510B23CAF47DB /* Pods-MLDataSyncPool.debug.xcconfig */ = {isa = PBXFileReference; includeInIndex = 1; lastKnownFileType = text.xcconfig; name = "Pods-MLDataSyncPool.debug.xcconfig"; path = "Pods/Target Support Files/Pods-MLDataSyncPool/Pods-MLDataSyncPool.debug.xcconfig"; sourceTree = "<group>"; };
/* End PBXFileReference section */

/* Begin PBXFrameworksBuildPhase section */
		362D4D381DE480AF005043AD /* Frameworks */ = {
			isa = PBXFrameworksBuildPhase;
			buildActionMask = 2147483647;
			files = (
				A6DCD5ED35DAD66A7BA24789 /* libPods-MLDataSyncPool.a in Frameworks */,
			);
			runOnlyForDeploymentPostprocessing = 0;
		};
		362D4D511DE480AF005043AD /* Frameworks */ = {
			isa = PBXFrameworksBuildPhase;
			buildActionMask = 2147483647;
			files = (
			);
			runOnlyForDeploymentPostprocessing = 0;
		};
		362D4D5C1DE480AF005043AD /* Frameworks */ = {
			isa = PBXFrameworksBuildPhase;
			buildActionMask = 2147483647;
			files = (
			);
			runOnlyForDeploymentPostprocessing = 0;
		};
/* End PBXFrameworksBuildPhase section */

/* Begin PBXGroup section */
		362D4D321DE480AF005043AD = {
			isa = PBXGroup;
			children = (
				362D4D3D1DE480AF005043AD /* MLDataSyncPool */,
				362D4D571DE480AF005043AD /* MLDataSyncPoolTests */,
				362D4D621DE480AF005043AD /* MLDataSyncPoolUITests */,
				362D4D3C1DE480AF005043AD /* Products */,
				4B27725199C0FA21282E9705 /* Pods */,
				3BBC03D5AE8F0C903DAC1851 /* Frameworks */,
			);
			sourceTree = "<group>";
		};
		362D4D3C1DE480AF005043AD /* Products */ = {
			isa = PBXGroup;
			children = (
				362D4D3B1DE480AF005043AD /* MLDataSyncPool.app */,
				362D4D541DE480AF005043AD /* MLDataSyncPoolTests.xctest */,
				362D4D5F1DE480AF005043AD /* MLDataSyncPoolUITests.xctest */,
			);
			name = Products;
			sourceTree = "<group>";
		};
		362D4D3D1DE480AF005043AD /* MLDataSyncPool */ = {
			isa = PBXGroup;
			children = (
				362D4D781DE494C6005043AD /* Model */,
				362D4D791DE494CA005043AD /* APIHelper */,
				362D4D741DE49497005043AD /* UserDefaults */,
				362D4D831DE49685005043AD /* Cell */,
				362D4D411DE480AF005043AD /* AppDelegate.h */,
				362D4D421DE480AF005043AD /* AppDelegate.m */,
				362D4D441DE480AF005043AD /* ViewController.h */,
				362D4D451DE480AF005043AD /* ViewController.m */,
				362D4D471DE480AF005043AD /* Main.storyboard */,
				362D4D4A1DE480AF005043AD /* Assets.xcassets */,
				362D4D4C1DE480AF005043AD /* LaunchScreen.storyboard */,
				362D4D4F1DE480AF005043AD /* Info.plist */,
				362D4D3E1DE480AF005043AD /* Supporting Files */,
			);
			path = MLDataSyncPool;
			sourceTree = "<group>";
		};
		362D4D3E1DE480AF005043AD /* Supporting Files */ = {
			isa = PBXGroup;
			children = (
				362D4D3F1DE480AF005043AD /* main.m */,
			);
			name = "Supporting Files";
			sourceTree = "<group>";
		};
		362D4D571DE480AF005043AD /* MLDataSyncPoolTests */ = {
			isa = PBXGroup;
			children = (
				362D4D581DE480AF005043AD /* MLDataSyncPoolTests.m */,
				362D4D5A1DE480AF005043AD /* Info.plist */,
			);
			path = MLDataSyncPoolTests;
			sourceTree = "<group>";
		};
		362D4D621DE480AF005043AD /* MLDataSyncPoolUITests */ = {
			isa = PBXGroup;
			children = (
				362D4D631DE480AF005043AD /* MLDataSyncPoolUITests.m */,
				362D4D651DE480AF005043AD /* Info.plist */,
			);
			path = MLDataSyncPoolUITests;
			sourceTree = "<group>";
		};
		362D4D741DE49497005043AD /* UserDefaults */ = {
			isa = PBXGroup;
			children = (
				362D4D751DE494B5005043AD /* ExampleUserDefaults.h */,
				362D4D761DE494B5005043AD /* ExampleUserDefaults.m */,
			);
			name = UserDefaults;
			sourceTree = "<group>";
		};
		362D4D781DE494C6005043AD /* Model */ = {
			isa = PBXGroup;
			children = (
				362D4D7A1DE494D6005043AD /* User.h */,
				362D4D7B1DE494D6005043AD /* User.m */,
			);
			name = Model;
			sourceTree = "<group>";
		};
		362D4D791DE494CA005043AD /* APIHelper */ = {
			isa = PBXGroup;
			children = (
				362D4D7D1DE49508005043AD /* BaseAPIHelpers.h */,
				362D4D7E1DE49508005043AD /* BaseAPIHelpers.m */,
				362D4D801DE4954C005043AD /* ExampleAPIHelper.h */,
				362D4D811DE4954C005043AD /* ExampleAPIHelper.m */,
			);
			name = APIHelper;
			sourceTree = "<group>";
		};
		362D4D831DE49685005043AD /* Cell */ = {
			isa = PBXGroup;
			children = (
				362D4D841DE496A4005043AD /* UserTableViewCell.h */,
				362D4D851DE496A4005043AD /* UserTableViewCell.m */,
			);
			name = Cell;
			sourceTree = "<group>";
		};
		3BBC03D5AE8F0C903DAC1851 /* Frameworks */ = {
			isa = PBXGroup;
			children = (
				3B917065707BF168153F1738 /* libPods-MLDataSyncPool.a */,
			);
			name = Frameworks;
			sourceTree = "<group>";
		};
		4B27725199C0FA21282E9705 /* Pods */ = {
			isa = PBXGroup;
			children = (
				EBFADC45DC9510B23CAF47DB /* Pods-MLDataSyncPool.debug.xcconfig */,
				BF30EED4DD85A39F808ADA8F /* Pods-MLDataSyncPool.release.xcconfig */,
			);
			name = Pods;
			sourceTree = "<group>";
		};
/* End PBXGroup section */

/* Begin PBXNativeTarget section */
		362D4D3A1DE480AF005043AD /* MLDataSyncPool */ = {
			isa = PBXNativeTarget;
			buildConfigurationList = 362D4D681DE480AF005043AD /* Build configuration list for PBXNativeTarget "MLDataSyncPool" */;
			buildPhases = (
				A4B73CF1F570DD78CB9E7222 /* [CP] Check Pods Manifest.lock */,
				362D4D371DE480AF005043AD /* Sources */,
				362D4D381DE480AF005043AD /* Frameworks */,
				362D4D391DE480AF005043AD /* Resources */,
				AFDFA73B63089B605EA149B7 /* [CP] Embed Pods Frameworks */,
				BA5F4F94F10CA257F24803F0 /* [CP] Copy Pods Resources */,
			);
			buildRules = (
			);
			dependencies = (
			);
			name = MLDataSyncPool;
			productName = MLDataSyncPool;
			productReference = 362D4D3B1DE480AF005043AD /* MLDataSyncPool.app */;
			productType = "com.apple.product-type.application";
		};
		362D4D531DE480AF005043AD /* MLDataSyncPoolTests */ = {
			isa = PBXNativeTarget;
			buildConfigurationList = 362D4D6B1DE480AF005043AD /* Build configuration list for PBXNativeTarget "MLDataSyncPoolTests" */;
			buildPhases = (
				362D4D501DE480AF005043AD /* Sources */,
				362D4D511DE480AF005043AD /* Frameworks */,
				362D4D521DE480AF005043AD /* Resources */,
			);
			buildRules = (
			);
			dependencies = (
				362D4D561DE480AF005043AD /* PBXTargetDependency */,
			);
			name = MLDataSyncPoolTests;
			productName = MLDataSyncPoolTests;
			productReference = 362D4D541DE480AF005043AD /* MLDataSyncPoolTests.xctest */;
			productType = "com.apple.product-type.bundle.unit-test";
		};
		362D4D5E1DE480AF005043AD /* MLDataSyncPoolUITests */ = {
			isa = PBXNativeTarget;
			buildConfigurationList = 362D4D6E1DE480AF005043AD /* Build configuration list for PBXNativeTarget "MLDataSyncPoolUITests" */;
			buildPhases = (
				362D4D5B1DE480AF005043AD /* Sources */,
				362D4D5C1DE480AF005043AD /* Frameworks */,
				362D4D5D1DE480AF005043AD /* Resources */,
			);
			buildRules = (
			);
			dependencies = (
				362D4D611DE480AF005043AD /* PBXTargetDependency */,
			);
			name = MLDataSyncPoolUITests;
			productName = MLDataSyncPoolUITests;
			productReference = 362D4D5F1DE480AF005043AD /* MLDataSyncPoolUITests.xctest */;
			productType = "com.apple.product-type.bundle.ui-testing";
		};
/* End PBXNativeTarget section */

/* Begin PBXProject section */
		362D4D331DE480AF005043AD /* Project object */ = {
			isa = PBXProject;
			attributes = {
				LastUpgradeCheck = 0800;
				ORGANIZATIONNAME = molon;
				TargetAttributes = {
					362D4D3A1DE480AF005043AD = {
						CreatedOnToolsVersion = 8.0;
						DevelopmentTeam = PDL85JB6BQ;
						ProvisioningStyle = Automatic;
					};
					362D4D531DE480AF005043AD = {
						CreatedOnToolsVersion = 8.0;
						DevelopmentTeam = PDL85JB6BQ;
						ProvisioningStyle = Automatic;
						TestTargetID = 362D4D3A1DE480AF005043AD;
					};
					362D4D5E1DE480AF005043AD = {
						CreatedOnToolsVersion = 8.0;
						DevelopmentTeam = PDL85JB6BQ;
						ProvisioningStyle = Automatic;
						TestTargetID = 362D4D3A1DE480AF005043AD;
					};
				};
			};
			buildConfigurationList = 362D4D361DE480AF005043AD /* Build configuration list for PBXProject "MLDataSyncPool" */;
			compatibilityVersion = "Xcode 3.2";
			developmentRegion = English;
			hasScannedForEncodings = 0;
			knownRegions = (
				en,
				Base,
			);
			mainGroup = 362D4D321DE480AF005043AD;
			productRefGroup = 362D4D3C1DE480AF005043AD /* Products */;
			projectDirPath = "";
			projectRoot = "";
			targets = (
				362D4D3A1DE480AF005043AD /* MLDataSyncPool */,
				362D4D531DE480AF005043AD /* MLDataSyncPoolTests */,
				362D4D5E1DE480AF005043AD /* MLDataSyncPoolUITests */,
			);
		};
/* End PBXProject section */

/* Begin PBXResourcesBuildPhase section */
		362D4D391DE480AF005043AD /* Resources */ = {
			isa = PBXResourcesBuildPhase;
			buildActionMask = 2147483647;
			files = (
				362D4D4E1DE480AF005043AD /* LaunchScreen.storyboard in Resources */,
				362D4D4B1DE480AF005043AD /* Assets.xcassets in Resources */,
				362D4D491DE480AF005043AD /* Main.storyboard in Resources */,
			);
			runOnlyForDeploymentPostprocessing = 0;
		};
		362D4D521DE480AF005043AD /* Resources */ = {
			isa = PBXResourcesBuildPhase;
			buildActionMask = 2147483647;
			files = (
			);
			runOnlyForDeploymentPostprocessing = 0;
		};
		362D4D5D1DE480AF005043AD /* Resources */ = {
			isa = PBXResourcesBuildPhase;
			buildActionMask = 2147483647;
			files = (
			);
			runOnlyForDeploymentPostprocessing = 0;
		};
/* End PBXResourcesBuildPhase section */

/* Begin PBXShellScriptBuildPhase section */
		A4B73CF1F570DD78CB9E7222 /* [CP] Check Pods Manifest.lock */ = {
			isa = PBXShellScriptBuildPhase;
			buildActionMask = 2147483647;
			files = (
			);
			inputPaths = (
			);
			name = "[CP] Check Pods Manifest.lock";
			outputPaths = (
			);
			runOnlyForDeploymentPostprocessing = 0;
			shellPath = /bin/sh;
			shellScript = "diff \"${PODS_PODFILE_DIR_PATH}/Podfile.lock\" \"${PODS_ROOT}/Manifest.lock\" > /dev/null\nif [ $? != 0 ] ; then\n    # print error to STDERR\n    echo \"error: The sandbox is not in sync with the Podfile.lock. Run 'pod install' or update your CocoaPods installation.\" >&2\n    exit 1\nfi\n";
			showEnvVarsInLog = 0;
		};
		AFDFA73B63089B605EA149B7 /* [CP] Embed Pods Frameworks */ = {
			isa = PBXShellScriptBuildPhase;
			buildActionMask = 2147483647;
			files = (
			);
			inputPaths = (
			);
			name = "[CP] Embed Pods Frameworks";
			outputPaths = (
			);
			runOnlyForDeploymentPostprocessing = 0;
			shellPath = /bin/sh;
			shellScript = "\"${SRCROOT}/Pods/Target Support Files/Pods-MLDataSyncPool/Pods-MLDataSyncPool-frameworks.sh\"\n";
			showEnvVarsInLog = 0;
		};
		BA5F4F94F10CA257F24803F0 /* [CP] Copy Pods Resources */ = {
			isa = PBXShellScriptBuildPhase;
			buildActionMask = 2147483647;
			files = (
			);
			inputPaths = (
			);
			name = "[CP] Copy Pods Resources";
			outputPaths = (
			);
			runOnlyForDeploymentPostprocessing = 0;
			shellPath = /bin/sh;
			shellScript = "\"${SRCROOT}/Pods/Target Support Files/Pods-MLDataSyncPool/Pods-MLDataSyncPool-resources.sh\"\n";
			showEnvVarsInLog = 0;
		};
/* End PBXShellScriptBuildPhase section */

/* Begin PBXSourcesBuildPhase section */
		362D4D371DE480AF005043AD /* Sources */ = {
			isa = PBXSourcesBuildPhase;
			buildActionMask = 2147483647;
			files = (
				362D4D861DE496A4005043AD /* UserTableViewCell.m in Sources */,
				362D4D7C1DE494D6005043AD /* User.m in Sources */,
				362D4D7F1DE49508005043AD /* BaseAPIHelpers.m in Sources */,
				362D4D461DE480AF005043AD /* ViewController.m in Sources */,
				362D4D821DE4954C005043AD /* ExampleAPIHelper.m in Sources */,
				362D4D431DE480AF005043AD /* AppDelegate.m in Sources */,
				362D4D401DE480AF005043AD /* main.m in Sources */,
				362D4D771DE494B5005043AD /* ExampleUserDefaults.m in Sources */,
			);
			runOnlyForDeploymentPostprocessing = 0;
		};
		362D4D501DE480AF005043AD /* Sources */ = {
			isa = PBXSourcesBuildPhase;
			buildActionMask = 2147483647;
			files = (
				362D4D591DE480AF005043AD /* MLDataSyncPoolTests.m in Sources */,
			);
			runOnlyForDeploymentPostprocessing = 0;
		};
		362D4D5B1DE480AF005043AD /* Sources */ = {
			isa = PBXSourcesBuildPhase;
			buildActionMask = 2147483647;
			files = (
				362D4D641DE480AF005043AD /* MLDataSyncPoolUITests.m in Sources */,
			);
			runOnlyForDeploymentPostprocessing = 0;
		};
/* End PBXSourcesBuildPhase section */

/* Begin PBXTargetDependency section */
		362D4D561DE480AF005043AD /* PBXTargetDependency */ = {
			isa = PBXTargetDependency;
			target = 362D4D3A1DE480AF005043AD /* MLDataSyncPool */;
			targetProxy = 362D4D551DE480AF005043AD /* PBXContainerItemProxy */;
		};
		362D4D611DE480AF005043AD /* PBXTargetDependency */ = {
			isa = PBXTargetDependency;
			target = 362D4D3A1DE480AF005043AD /* MLDataSyncPool */;
			targetProxy = 362D4D601DE480AF005043AD /* PBXContainerItemProxy */;
		};
/* End PBXTargetDependency section */

/* Begin PBXVariantGroup section */
		362D4D471DE480AF005043AD /* Main.storyboard */ = {
			isa = PBXVariantGroup;
			children = (
				362D4D481DE480AF005043AD /* Base */,
			);
			name = Main.storyboard;
			sourceTree = "<group>";
		};
		362D4D4C1DE480AF005043AD /* LaunchScreen.storyboard */ = {
			isa = PBXVariantGroup;
			children = (
				362D4D4D1DE480AF005043AD /* Base */,
			);
			name = LaunchScreen.storyboard;
			sourceTree = "<group>";
		};
/* End PBXVariantGroup section */

/* Begin XCBuildConfiguration section */
		362D4D661DE480AF005043AD /* Debug */ = {
			isa = XCBuildConfiguration;
			buildSettings = {
				ALWAYS_SEARCH_USER_PATHS = NO;
				CLANG_ANALYZER_NONNULL = YES;
				CLANG_CXX_LANGUAGE_STANDARD = "gnu++0x";
				CLANG_CXX_LIBRARY = "libc++";
				CLANG_ENABLE_MODULES = YES;
				CLANG_ENABLE_OBJC_ARC = YES;
				CLANG_WARN_BOOL_CONVERSION = YES;
				CLANG_WARN_CONSTANT_CONVERSION = YES;
				CLANG_WARN_DIRECT_OBJC_ISA_USAGE = YES_ERROR;
				CLANG_WARN_DOCUMENTATION_COMMENTS = YES;
				CLANG_WARN_EMPTY_BODY = YES;
				CLANG_WARN_ENUM_CONVERSION = YES;
				CLANG_WARN_INFINITE_RECURSION = YES;
				CLANG_WARN_INT_CONVERSION = YES;
				CLANG_WARN_OBJC_ROOT_CLASS = YES_ERROR;
				CLANG_WARN_SUSPICIOUS_MOVES = YES;
				CLANG_WARN_UNREACHABLE_CODE = YES;
				CLANG_WARN__DUPLICATE_METHOD_MATCH = YES;
				"CODE_SIGN_IDENTITY[sdk=iphoneos*]" = "iPhone Developer";
				COPY_PHASE_STRIP = NO;
				DEBUG_INFORMATION_FORMAT = dwarf;
				ENABLE_STRICT_OBJC_MSGSEND = YES;
				ENABLE_TESTABILITY = YES;
				GCC_C_LANGUAGE_STANDARD = gnu99;
				GCC_DYNAMIC_NO_PIC = NO;
				GCC_NO_COMMON_BLOCKS = YES;
				GCC_OPTIMIZATION_LEVEL = 0;
				GCC_PREPROCESSOR_DEFINITIONS = (
					"DEBUG=1",
					"$(inherited)",
				);
				GCC_WARN_64_TO_32_BIT_CONVERSION = YES;
				GCC_WARN_ABOUT_RETURN_TYPE = YES_ERROR;
				GCC_WARN_UNDECLARED_SELECTOR = YES;
				GCC_WARN_UNINITIALIZED_AUTOS = YES_AGGRESSIVE;
				GCC_WARN_UNUSED_FUNCTION = YES;
				GCC_WARN_UNUSED_VARIABLE = YES;
				IPHONEOS_DEPLOYMENT_TARGET = 10.0;
				MTL_ENABLE_DEBUG_INFO = YES;
				ONLY_ACTIVE_ARCH = YES;
				SDKROOT = iphoneos;
				TARGETED_DEVICE_FAMILY = "1,2";
			};
			name = Debug;
		};
		362D4D671DE480AF005043AD /* Release */ = {
			isa = XCBuildConfiguration;
			buildSettings = {
				ALWAYS_SEARCH_USER_PATHS = NO;
				CLANG_ANALYZER_NONNULL = YES;
				CLANG_CXX_LANGUAGE_STANDARD = "gnu++0x";
				CLANG_CXX_LIBRARY = "libc++";
				CLANG_ENABLE_MODULES = YES;
				CLANG_ENABLE_OBJC_ARC = YES;
				CLANG_WARN_BOOL_CONVERSION = YES;
				CLANG_WARN_CONSTANT_CONVERSION = YES;
				CLANG_WARN_DIRECT_OBJC_ISA_USAGE = YES_ERROR;
				CLANG_WARN_DOCUMENTATION_COMMENTS = YES;
				CLANG_WARN_EMPTY_BODY = YES;
				CLANG_WARN_ENUM_CONVERSION = YES;
				CLANG_WARN_INFINITE_RECURSION = YES;
				CLANG_WARN_INT_CONVERSION = YES;
				CLANG_WARN_OBJC_ROOT_CLASS = YES_ERROR;
				CLANG_WARN_SUSPICIOUS_MOVES = YES;
				CLANG_WARN_UNREACHABLE_CODE = YES;
				CLANG_WARN__DUPLICATE_METHOD_MATCH = YES;
				"CODE_SIGN_IDENTITY[sdk=iphoneos*]" = "iPhone Developer";
				COPY_PHASE_STRIP = NO;
				DEBUG_INFORMATION_FORMAT = "dwarf-with-dsym";
				ENABLE_NS_ASSERTIONS = NO;
				ENABLE_STRICT_OBJC_MSGSEND = YES;
				GCC_C_LANGUAGE_STANDARD = gnu99;
				GCC_NO_COMMON_BLOCKS = YES;
				GCC_WARN_64_TO_32_BIT_CONVERSION = YES;
				GCC_WARN_ABOUT_RETURN_TYPE = YES_ERROR;
				GCC_WARN_UNDECLARED_SELECTOR = YES;
				GCC_WARN_UNINITIALIZED_AUTOS = YES_AGGRESSIVE;
				GCC_WARN_UNUSED_FUNCTION = YES;
				GCC_WARN_UNUSED_VARIABLE = YES;
				IPHONEOS_DEPLOYMENT_TARGET = 10.0;
				MTL_ENABLE_DEBUG_INFO = NO;
				SDKROOT = iphoneos;
				TARGETED_DEVICE_FAMILY = "1,2";
				VALIDATE_PRODUCT = YES;
			};
			name = Release;
		};
		362D4D691DE480AF005043AD /* Debug */ = {
			isa = XCBuildConfiguration;
			baseConfigurationReference = EBFADC45DC9510B23CAF47DB /* Pods-MLDataSyncPool.debug.xcconfig */;
			buildSettings = {
				ASSETCATALOG_COMPILER_APPICON_NAME = AppIcon;
				DEVELOPMENT_TEAM = PDL85JB6BQ;
				INFOPLIST_FILE = MLDataSyncPool/Info.plist;
				IPHONEOS_DEPLOYMENT_TARGET = 7.0;
				LD_RUNPATH_SEARCH_PATHS = "$(inherited) @executable_path/Frameworks";
				PRODUCT_BUNDLE_IDENTIFIER = com.molon.MLDataSyncPool;
				PRODUCT_NAME = "$(TARGET_NAME)";
			};
			name = Debug;
		};
		362D4D6A1DE480AF005043AD /* Release */ = {
			isa = XCBuildConfiguration;
			baseConfigurationReference = BF30EED4DD85A39F808ADA8F /* Pods-MLDataSyncPool.release.xcconfig */;
			buildSettings = {
				ASSETCATALOG_COMPILER_APPICON_NAME = AppIcon;
				DEVELOPMENT_TEAM = PDL85JB6BQ;
				INFOPLIST_FILE = MLDataSyncPool/Info.plist;
				IPHONEOS_DEPLOYMENT_TARGET = 7.0;
				LD_RUNPATH_SEARCH_PATHS = "$(inherited) @executable_path/Frameworks";
				PRODUCT_BUNDLE_IDENTIFIER = com.molon.MLDataSyncPool;
				PRODUCT_NAME = "$(TARGET_NAME)";
			};
			name = Release;
		};
		362D4D6C1DE480AF005043AD /* Debug */ = {
			isa = XCBuildConfiguration;
			buildSettings = {
				BUNDLE_LOADER = "$(TEST_HOST)";
				DEVELOPMENT_TEAM = PDL85JB6BQ;
				INFOPLIST_FILE = MLDataSyncPoolTests/Info.plist;
				LD_RUNPATH_SEARCH_PATHS = "$(inherited) @executable_path/Frameworks @loader_path/Frameworks";
				PRODUCT_BUNDLE_IDENTIFIER = com.molon.MLDataSyncPoolTests;
				PRODUCT_NAME = "$(TARGET_NAME)";
				TEST_HOST = "$(BUILT_PRODUCTS_DIR)/MLDataSyncPool.app/MLDataSyncPool";
			};
			name = Debug;
		};
		362D4D6D1DE480AF005043AD /* Release */ = {
			isa = XCBuildConfiguration;
			buildSettings = {
				BUNDLE_LOADER = "$(TEST_HOST)";
				DEVELOPMENT_TEAM = PDL85JB6BQ;
				INFOPLIST_FILE = MLDataSyncPoolTests/Info.plist;
				LD_RUNPATH_SEARCH_PATHS = "$(inherited) @executable_path/Frameworks @loader_path/Frameworks";
				PRODUCT_BUNDLE_IDENTIFIER = com.molon.MLDataSyncPoolTests;
				PRODUCT_NAME = "$(TARGET_NAME)";
				TEST_HOST = "$(BUILT_PRODUCTS_DIR)/MLDataSyncPool.app/MLDataSyncPool";
			};
			name = Release;
		};
		362D4D6F1DE480AF005043AD /* Debug */ = {
			isa = XCBuildConfiguration;
			buildSettings = {
				DEVELOPMENT_TEAM = PDL85JB6BQ;
				INFOPLIST_FILE = MLDataSyncPoolUITests/Info.plist;
				LD_RUNPATH_SEARCH_PATHS = "$(inherited) @executable_path/Frameworks @loader_path/Frameworks";
				PRODUCT_BUNDLE_IDENTIFIER = com.molon.MLDataSyncPoolUITests;
				PRODUCT_NAME = "$(TARGET_NAME)";
				TEST_TARGET_NAME = MLDataSyncPool;
			};
			name = Debug;
		};
		362D4D701DE480AF005043AD /* Release */ = {
			isa = XCBuildConfiguration;
			buildSettings = {
				DEVELOPMENT_TEAM = PDL85JB6BQ;
				INFOPLIST_FILE = MLDataSyncPoolUITests/Info.plist;
				LD_RUNPATH_SEARCH_PATHS = "$(inherited) @executable_path/Frameworks @loader_path/Frameworks";
				PRODUCT_BUNDLE_IDENTIFIER = com.molon.MLDataSyncPoolUITests;
				PRODUCT_NAME = "$(TARGET_NAME)";
				TEST_TARGET_NAME = MLDataSyncPool;
			};
			name = Release;
		};
/* End XCBuildConfiguration section */

/* Begin XCConfigurationList section */
		362D4D361DE480AF005043AD /* Build configuration list for PBXProject "MLDataSyncPool" */ = {
			isa = XCConfigurationList;
			buildConfigurations = (
				362D4D661DE480AF005043AD /* Debug */,
				362D4D671DE480AF005043AD /* Release */,
			);
			defaultConfigurationIsVisible = 0;
			defaultConfigurationName = Release;
		};
		362D4D681DE480AF005043AD /* Build configuration list for PBXNativeTarget "MLDataSyncPool" */ = {
			isa = XCConfigurationList;
			buildConfigurations = (
				362D4D691DE480AF005043AD /* Debug */,
				362D4D6A1DE480AF005043AD /* Release */,
			);
			defaultConfigurationIsVisible = 0;
			defaultConfigurationName = Release;
		};
		362D4D6B1DE480AF005043AD /* Build configuration list for PBXNativeTarget "MLDataSyncPoolTests" */ = {
			isa = XCConfigurationList;
			buildConfigurations = (
				362D4D6C1DE480AF005043AD /* Debug */,
				362D4D6D1DE480AF005043AD /* Release */,
			);
			defaultConfigurationIsVisible = 0;
			defaultConfigurationName = Release;
		};
		362D4D6E1DE480AF005043AD /* Build configuration list for PBXNativeTarget "MLDataSyncPoolUITests" */ = {
			isa = XCConfigurationList;
			buildConfigurations = (
				362D4D6F1DE480AF005043AD /* Debug */,
				362D4D701DE480AF005043AD /* Release */,
			);
			defaultConfigurationIsVisible = 0;
			defaultConfigurationName = Release;
		};
/* End XCConfigurationList section */
	};
	rootObject = 362D4D331DE480AF005043AD /* Project object */;
}
